{
  "name": "form-validator",
  "version": "1.0.0",
  "lockfileVersion": 2,
  "requires": true,
  "packages": {
    "": {
      "version": "1.0.0",
      "license": "ISC",
      "dependencies": {
        "async-validator": "^3.5.1"
      }
    },
    "node_modules/async-validator": {
      "version": "3.5.1",
      "resolved": "https://registry.npmjs.org/async-validator/-/async-validator-3.5.1.tgz",
      "integrity": "sha512-DDmKA7sdSAJtTVeNZHrnr2yojfFaoeW8MfQN8CeuXg8DDQHTqKk9Fdv38dSvnesHoO8MUwMI2HphOeSyIF+wmQ=="
    }
  },
  "dependencies": {
    "async-validator": {
      "version": "3.5.1",
      "resolved": "https://registry.npmjs.org/async-validator/-/async-validator-3.5.1.tgz",
      "integrity": "sha512-DDmKA7sdSAJtTVeNZHrnr2yojfFaoeW8MfQN8CeuXg8DDQHTqKk9Fdv38dSvnesHoO8MUwMI2HphOeSyIF+wmQ=="
    }
  }
}
